
Microsoft Visual Studio Solution File, Format Version 12.00
# Visual Studio Version 17
VisualStudioVersion = 17.0.31903.59
MinimumVisualStudioVersion = 10.0.40219.1
Project("{FAE04EC0-301F-11D3-BF4B-00C04F79EFBC}") = "SampleGenerator", "SampleGenerator\SampleGenerator.csproj", "{7C6FBC19-2E70-45D2-8C87-3E9C2F9481D0}"
EndProject
Project("{FAE04EC0-301F-11D3-BF4B-00C04F79EFBC}") = "GeneratorDemo", "GeneratorDemo\GeneratorDemo.csproj", "{52081A15-B6CD-4DC0-8F48-BE58EA20E21D}"
EndProject
Global
	GlobalSection(SolutionConfigurationPlatforms) = preSolution
		Debug|Any CPU = Debug|Any CPU
		Release|Any CPU = Release|Any CPU
	EndGlobalSection
	GlobalSection(SolutionProperties) = preSolution
		HideSolutionNode = FALSE
	EndGlobalSection
	GlobalSection(ProjectConfigurationPlatforms) = postSolution
		{7C6FBC19-2E70-45D2-8C87-3E9C2F9481D0}.Debug|Any CPU.ActiveCfg = Debug|Any CPU
		{7C6FBC19-2E70-45D2-8C87-3E9C2F9481D0}.Debug|Any CPU.Build.0 = Debug|Any CPU
		{7C6FBC19-2E70-45D2-8C87-3E9C2F9481D0}.Release|Any CPU.ActiveCfg = Release|Any CPU
		{7C6FBC19-2E70-45D2-8C87-3E9C2F9481D0}.Release|Any CPU.Build.0 = Release|Any CPU
		{52081A15-B6CD-4DC0-8F48-BE58EA20E21D}.Debug|Any CPU.ActiveCfg = Debug|Any CPU
		{52081A15-B6CD-4DC0-8F48-BE58EA20E21D}.Debug|Any CPU.Build.0 = Debug|Any CPU
		{52081A15-B6CD-4DC0-8F48-BE58EA20E21D}.Release|Any CPU.ActiveCfg = Release|Any CPU
		{52081A15-B6CD-4DC0-8F48-BE58EA20E21D}.Release|Any CPU.Build.0 = Release|Any CPU
	EndGlobalSection
EndGlobal
